<?xml version="1.0" encoding="utf-8"?>
<Project ToolsVersion="4.0" xmlns="http://schemas.microsoft.com/developer/msbuild/2003">
  <ItemGroup>
    <Filter Include="소스 파일">
      <UniqueIdentifier>{4FC737F1-C7A5-4376-A066-2A32D752A2FF}</UniqueIdentifier>
      <Extensions>cpp;c;cc;cxx;c++;cppm;ixx;def;odl;idl;hpj;bat;asm;asmx</Extensions>
    </Filter>
    <Filter Include="헤더 파일">
      <UniqueIdentifier>{93995380-89BD-4b04-88EB-625FBE52EBFB}</UniqueIdentifier>
      <Extensions>h;hh;hpp;hxx;h++;hm;inl;inc;ipp;xsd</Extensions>
    </Filter>
    <Filter Include="리소스 파일">
      <UniqueIdentifier>{67DA6AB6-F800-4c08-8B7A-83BB121AAD01}</UniqueIdentifier>
      <Extensions>rc;ico;cur;bmp;dlg;rc2;rct;bin;rgs;gif;jpg;jpeg;jpe;resx;tiff;tif;png;wav;mfcribbon-ms</Extensions>
    </Filter>
    <Filter Include="헤더 파일\Core">
      <UniqueIdentifier>{72751596-5d1f-4715-9a00-bd2328abc6a9}</UniqueIdentifier>
    </Filter>
    <Filter Include="소스 파일\Core">
      <UniqueIdentifier>{6d88026c-4224-4288-ba54-ab63df3d73a2}</UniqueIdentifier>
    </Filter>
  </ItemGroup>
  <ItemGroup>
    <ClCompile Include="Controller.cpp">
      <Filter>소스 파일\Core</Filter>
    </ClCompile>
    <ClCompile Include="GameManager.cpp">
      <Filter>소스 파일\Core</Filter>
    </ClCompile>
    <ClCompile Include="GameStartState.cpp">
      <Filter>소스 파일\Core</Filter>
    </ClCompile>
    <ClCompile Include="main.cpp">
      <Filter>소스 파일\Core</Filter>
    </ClCompile>
    <ClCompile Include="Renderer.cpp">
      <Filter>소스 파일\Core</Filter>
    </ClCompile>
    <ClCompile Include="Player.cpp">
      <Filter>소스 파일\Core</Filter>
    </ClCompile>
    <ClCompile Include="IGameState.cpp">
      <Filter>소스 파일\Core</Filter>
    </ClCompile>
    <ClCompile Include="Monster.cpp">
      <Filter>소스 파일</Filter>
    </ClCompile>
    <ClCompile Include="BattleManager.cpp">
      <Filter>소스 파일</Filter>
    </ClCompile>
    <ClCompile Include="BossMonster.cpp">
      <Filter>소스 파일</Filter>
    </ClCompile>
    <ClCompile Include="IPCManager.cpp">
      <Filter>소스 파일\Core</Filter>
    </ClCompile>
    <ClCompile Include="GameCreateState.cpp">
      <Filter>소스 파일</Filter>
    </ClCompile>
    <ClCompile Include="GameLobbyState.cpp">
      <Filter>소스 파일</Filter>
    </ClCompile>
    <ClCompile Include="NetworkManager.cpp">
      <Filter>소스 파일\Core</Filter>
    </ClCompile>
    <ClCompile Include="BattleState.cpp">
      <Filter>소스 파일</Filter>
    </ClCompile>
    <ClCompile Include="ClearState.cpp">
      <Filter>소스 파일</Filter>
    </ClCompile>
    <ClCompile Include="DieState.cpp">
      <Filter>소스 파일</Filter>
    </ClCompile>
    <ClCompile Include="Item.cpp">
      <Filter>소스 파일</Filter>
    </ClCompile>
    <ClCompile Include="Shop.cpp">
      <Filter>소스 파일</Filter>
    </ClCompile>
    <ClCompile Include="ShopBranchState.cpp">
      <Filter>소스 파일</Filter>
    </ClCompile>
    <ClCompile Include="ShopState.cpp">
      <Filter>소스 파일</Filter>
    </ClCompile>
    <ClCompile Include="ShopBuyState.cpp">
      <Filter>소스 파일</Filter>
    </ClCompile>
    <ClCompile Include="ShopSellState.cpp">
      <Filter>소스 파일</Filter>
    </ClCompile>
    <ClCompile Include="ShopStockState.cpp">
      <Filter>소스 파일</Filter>
    </ClCompile>
    <ClCompile Include="InventoryState.cpp">
      <Filter>소스 파일</Filter>
    </ClCompile>
    <ClCompile Include="ArenaBettingState.cpp">
      <Filter>소스 파일</Filter>
    </ClCompile>
    <ClCompile Include="ArenaBattleManager.cpp">
      <Filter>소스 파일</Filter>
    </ClCompile>
    <ClCompile Include="ArenaBattleState.cpp">
      <Filter>소스 파일</Filter>
    </ClCompile>
    <ClCompile Include="ArenaLobbyState.cpp">
      <Filter>소스 파일</Filter>
    </ClCompile>
    <ClCompile Include="ArenaReadyState.cpp">
      <Filter>소스 파일</Filter>
    </ClCompile>
    <ClCompile Include="ArenaResultState.cpp">
      <Filter>소스 파일</Filter>
    </ClCompile>
    <ClCompile Include="ArenaWaitState.cpp">
      <Filter>소스 파일</Filter>
    </ClCompile>
    <ClCompile Include="PacketArena.cpp">
      <Filter>소스 파일</Filter>
    </ClCompile>
    <ClCompile Include="WeaponTable.cpp">
      <Filter>소스 파일</Filter>
    </ClCompile>
    <ClCompile Include="ItemReceivedTradeListState.cpp">
      <Filter>소스 파일</Filter>
    </ClCompile>
    <ClCompile Include="ItemSentTradeListState.cpp">
      <Filter>소스 파일</Filter>
    </ClCompile>
    <ClCompile Include="ItemTradeRequestState.cpp">
      <Filter>소스 파일</Filter>
    </ClCompile>
    <ClCompile Include="ItemTradeState.cpp">
      <Filter>소스 파일</Filter>
    </ClCompile>
    <ClCompile Include="TradeManager.cpp">
      <Filter>소스 파일</Filter>
    </ClCompile>
  </ItemGroup>
  <ItemGroup>
    <ClInclude Include="Controller.h">
      <Filter>헤더 파일\Core</Filter>
    </ClInclude>
    <ClInclude Include="DATABASE.h">
      <Filter>헤더 파일\Core</Filter>
    </ClInclude>
    <ClInclude Include="GameManager.h">
      <Filter>헤더 파일\Core</Filter>
    </ClInclude>
    <ClInclude Include="GameStartState.h">
      <Filter>헤더 파일\Core</Filter>
    </ClInclude>
    <ClInclude Include="IGameState.h">
      <Filter>헤더 파일\Core</Filter>
    </ClInclude>
    <ClInclude Include="Renderer.h">
      <Filter>헤더 파일\Core</Filter>
    </ClInclude>
    <ClInclude Include="Utils.h">
      <Filter>헤더 파일\Core</Filter>
    </ClInclude>
    <ClInclude Include="Character.h">
      <Filter>헤더 파일\Core</Filter>
    </ClInclude>
    <ClInclude Include="Player.h">
      <Filter>헤더 파일\Core</Filter>
    </ClInclude>
    <ClInclude Include="Monster.h">
      <Filter>헤더 파일</Filter>
    </ClInclude>
    <ClInclude Include="Inventory.h">
      <Filter>헤더 파일</Filter>
    </ClInclude>
    <ClInclude Include="Item.h">
      <Filter>헤더 파일</Filter>
    </ClInclude>
    <ClInclude Include="BattleManager.h">
      <Filter>헤더 파일</Filter>
    </ClInclude>
    <ClInclude Include="BossMonster.h">
      <Filter>헤더 파일</Filter>
    </ClInclude>
    <ClInclude Include="IPCManager.h">
      <Filter>헤더 파일\Core</Filter>
    </ClInclude>
    <ClInclude Include="GameCreateState.h">
      <Filter>헤더 파일</Filter>
    </ClInclude>
    <ClInclude Include="GameLobbyState.h">
      <Filter>헤더 파일</Filter>
    </ClInclude>
    <ClInclude Include="Packet.h">
      <Filter>헤더 파일</Filter>
    </ClInclude>
    <ClInclude Include="NetworkManager.h">
      <Filter>헤더 파일\Core</Filter>
    </ClInclude>
    <ClInclude Include="BattleState.h">
      <Filter>헤더 파일</Filter>
    </ClInclude>
    <ClInclude Include="ClearState.h">
      <Filter>헤더 파일</Filter>
    </ClInclude>
    <ClInclude Include="DieState.h">
      <Filter>헤더 파일</Filter>
    </ClInclude>
    <ClInclude Include="ShopBranchState.h">
      <Filter>헤더 파일</Filter>
    </ClInclude>
    <ClInclude Include="ShopState.h">
      <Filter>헤더 파일</Filter>
    </ClInclude>
    <ClInclude Include="ShopBuyState.h">
      <Filter>헤더 파일</Filter>
    </ClInclude>
    <ClInclude Include="ShopSellState.h">
      <Filter>헤더 파일</Filter>
    </ClInclude>
    <ClInclude Include="ShopStockState.h">
      <Filter>헤더 파일</Filter>
    </ClInclude>
    <ClInclude Include="InventoryState.h">
      <Filter>헤더 파일</Filter>
    </ClInclude>
    <ClInclude Include="ArenaBettingState.h">
      <Filter>헤더 파일</Filter>
    </ClInclude>
    <ClInclude Include="ArenaBattleManager.h">
      <Filter>헤더 파일</Filter>
    </ClInclude>
    <ClInclude Include="ArenaBattleState.h">
      <Filter>헤더 파일</Filter>
    </ClInclude>
    <ClInclude Include="ArenaLobbyState.h">
      <Filter>헤더 파일</Filter>
    </ClInclude>
    <ClInclude Include="ArenaReadyState.h">
      <Filter>헤더 파일</Filter>
    </ClInclude>
    <ClInclude Include="ArenaResultState.h">
      <Filter>헤더 파일</Filter>
    </ClInclude>
    <ClInclude Include="ArenaWaitState.h">
      <Filter>헤더 파일</Filter>
    </ClInclude>
    <ClInclude Include="WeaponTable.h">
      <Filter>헤더 파일</Filter>
    </ClInclude>
    <ClInclude Include="ItemReceivedTradeListState.h">
      <Filter>헤더 파일</Filter>
    </ClInclude>
    <ClInclude Include="ItemSentTradeListState.h">
      <Filter>헤더 파일</Filter>
    </ClInclude>
    <ClInclude Include="ItemTradeRequestState.h">
      <Filter>헤더 파일</Filter>
    </ClInclude>
    <ClInclude Include="ItemTradeState.h">
      <Filter>헤더 파일</Filter>
    </ClInclude>
    <ClInclude Include="TradeManager.h">
      <Filter>헤더 파일</Filter>
    </ClInclude>
    <ClInclude Include="WeaponItem.h">
      <Filter>헤더 파일</Filter>
    </ClInclude>
  </ItemGroup>
</Project>